
Microsoft Visual Studio Solution File, Format Version 12.00
# Visual Studio Version 17
VisualStudioVersion = 17.4.33122.133
MinimumVisualStudioVersion = 10.0.40219.1
Project("{FAE04EC0-301F-11D3-BF4B-00C04F79EFBC}") = "MagicVilla_API", "MagicVilla_API\MagicVilla_API.csproj", "{652891C8-D361-492D-AE45-7161482C0B02}"
EndProject
Global
	GlobalSection(SolutionConfigurationPlatforms) = preSolution
		Debug|Any CPU = Debug|Any CPU
		Release|Any CPU = Release|Any CPU
	EndGlobalSection
	GlobalSection(ProjectConfigurationPlatforms) = postSolution
		{652891C8-D361-492D-AE45-7161482C0B02}.Debug|Any CPU.ActiveCfg = Debug|Any CPU
		{652891C8-D361-492D-AE45-7161482C0B02}.Debug|Any CPU.Build.0 = Debug|Any CPU
		{652891C8-D361-492D-AE45-7161482C0B02}.Release|Any CPU.ActiveCfg = Release|Any CPU
		{652891C8-D361-492D-AE45-7161482C0B02}.Release|Any CPU.Build.0 = Release|Any CPU
	EndGlobalSection
	GlobalSection(SolutionProperties) = preSolution
		HideSolutionNode = FALSE
	EndGlobalSection
	GlobalSection(ExtensibilityGlobals) = postSolution
		SolutionGuid = {939223D6-371D-497A-AF23-DB2C2E4ADDCE}
	EndGlobalSection
EndGlobal
